// !$*UTF8*$!
{
	archiveVersion = 1;
	classes = {
	};
	objectVersion = 50;
	objects = {

/* Begin PBXBuildFile section */
		9C11FE1625C0584A00F592AD /* LifeGuideStore.swift in Sources */ = {isa = PBXBuildFile; fileRef = 9C11FE1525C0584A00F592AD /* LifeGuideStore.swift */; };
		9C11FE1725C0584A00F592AD /* LifeGuideStore.swift in Sources */ = {isa = PBXBuildFile; fileRef = 9C11FE1525C0584A00F592AD /* LifeGuideStore.swift */; };
		9C8A847D25C052B700296A6E /* StudentLifeGuideApp.swift in Sources */ = {isa = PBXBuildFile; fileRef = 9C8A846A25C052AA00296A6E /* StudentLifeGuideApp.swift */; };
		9C8A847E25C052B700296A6E /* StudentLifeGuideApp.swift in Sources */ = {isa = PBXBuildFile; fileRef = 9C8A846A25C052AA00296A6E /* StudentLifeGuideApp.swift */; };
		9C8A848125C052B700296A6E /* Assets.xcassets in Resources */ = {isa = PBXBuildFile; fileRef = 9C8A846C25C052B700296A6E /* Assets.xcassets */; };
		9C8A848225C052B700296A6E /* Assets.xcassets in Resources */ = {isa = PBXBuildFile; fileRef = 9C8A846C25C052B700296A6E /* Assets.xcassets */; };
		9C8A849325C053B600296A6E /* LifeGuide.swift in Sources */ = {isa = PBXBuildFile; fileRef = 9C8A849225C053B600296A6E /* LifeGuide.swift */; };
		9C8A849425C053B600296A6E /* LifeGuide.swift in Sources */ = {isa = PBXBuildFile; fileRef = 9C8A849225C053B600296A6E /* LifeGuide.swift */; };
		9C8A849825C0550F00296A6E /* LifeGuideDetailView.swift in Sources */ = {isa = PBXBuildFile; fileRef = 9C8A849725C0550F00296A6E /* LifeGuideDetailView.swift */; };
		9C8A849925C0550F00296A6E /* LifeGuideDetailView.swift in Sources */ = {isa = PBXBuildFile; fileRef = 9C8A849725C0550F00296A6E /* LifeGuideDetailView.swift */; };
		9C8BF1D025C31CB000A93DD2 /* LifeGuideList.swift in Sources */ = {isa = PBXBuildFile; fileRef = 9C8BF1CF25C31CB000A93DD2 /* LifeGuideList.swift */; };
		9C8BF1D125C31CB000A93DD2 /* LifeGuideList.swift in Sources */ = {isa = PBXBuildFile; fileRef = 9C8BF1CF25C31CB000A93DD2 /* LifeGuideList.swift */; };
		9C8BF1E325C3285A00A93DD2 /* SearchBarView.swift in Sources */ = {isa = PBXBuildFile; fileRef = 9C8BF1E225C3285A00A93DD2 /* SearchBarView.swift */; };
		9C8BF1E425C3285A00A93DD2 /* SearchBarView.swift in Sources */ = {isa = PBXBuildFile; fileRef = 9C8BF1E225C3285A00A93DD2 /* SearchBarView.swift */; };
		9C9A4FCD25C4FB52007059FC /* LifeGuides.swift in Sources */ = {isa = PBXBuildFile; fileRef = 9C9A4FCC25C4FB52007059FC /* LifeGuides.swift */; };
		9C9A4FCE25C4FB52007059FC /* LifeGuides.swift in Sources */ = {isa = PBXBuildFile; fileRef = 9C9A4FCC25C4FB52007059FC /* LifeGuides.swift */; };
/* End PBXBuildFile section */

/* Begin PBXFileReference section */
		9C11FE1525C0584A00F592AD /* LifeGuideStore.swift */ = {isa = PBXFileReference; lastKnownFileType = sourcecode.swift; path = LifeGuideStore.swift; sourceTree = "<group>"; };
		9C8A846A25C052AA00296A6E /* StudentLifeGuideApp.swift */ = {isa = PBXFileReference; lastKnownFileType = sourcecode.swift; path = StudentLifeGuideApp.swift; sourceTree = "<group>"; };
		9C8A846C25C052B700296A6E /* Assets.xcassets */ = {isa = PBXFileReference; lastKnownFileType = folder.assetcatalog; path = Assets.xcassets; sourceTree = "<group>"; };
		9C8A847125C052B700296A6E /* StudentLifeGuide.app */ = {isa = PBXFileReference; explicitFileType = wrapper.application; includeInIndex = 0; path = StudentLifeGuide.app; sourceTree = BUILT_PRODUCTS_DIR; };
		9C8A847425C052B700296A6E /* Info.plist */ = {isa = PBXFileReference; lastKnownFileType = text.plist.xml; path = Info.plist; sourceTree = "<group>"; };
		9C8A847925C052B700296A6E /* StudentLifeGuide.app */ = {isa = PBXFileReference; explicitFileType = wrapper.application; includeInIndex = 0; path = StudentLifeGuide.app; sourceTree = BUILT_PRODUCTS_DIR; };
		9C8A847B25C052B700296A6E /* Info.plist */ = {isa = PBXFileReference; lastKnownFileType = text.plist.xml; path = Info.plist; sourceTree = "<group>"; };
		9C8A847C25C052B700296A6E /* macOS.entitlements */ = {isa = PBXFileReference; lastKnownFileType = text.plist.entitlements; path = macOS.entitlements; sourceTree = "<group>"; };
		9C8A849225C053B600296A6E /* LifeGuide.swift */ = {isa = PBXFileReference; lastKnownFileType = sourcecode.swift; path = LifeGuide.swift; sourceTree = "<group>"; };
		9C8A849725C0550F00296A6E /* LifeGuideDetailView.swift */ = {isa = PBXFileReference; lastKnownFileType = sourcecode.swift; path = LifeGuideDetailView.swift; sourceTree = "<group>"; };
		9C8BF1CF25C31CB000A93DD2 /* LifeGuideList.swift */ = {isa = PBXFileReference; lastKnownFileType = sourcecode.swift; path = LifeGuideList.swift; sourceTree = "<group>"; };
		9C8BF1E225C3285A00A93DD2 /* SearchBarView.swift */ = {isa = PBXFileReference; lastKnownFileType = sourcecode.swift; path = SearchBarView.swift; sourceTree = "<group>"; };
		9C9A4FCC25C4FB52007059FC /* LifeGuides.swift */ = {isa = PBXFileReference; lastKnownFileType = sourcecode.swift; path = LifeGuides.swift; sourceTree = "<group>"; };
/* End PBXFileReference section */

/* Begin PBXFrameworksBuildPhase section */
		9C8A846E25C052B700296A6E /* Frameworks */ = {
			isa = PBXFrameworksBuildPhase;
			buildActionMask = 2147483647;
			files = (
			);
			runOnlyForDeploymentPostprocessing = 0;
		};
		9C8A847625C052B700296A6E /* Frameworks */ = {
			isa = PBXFrameworksBuildPhase;
			buildActionMask = 2147483647;
			files = (
			);
			runOnlyForDeploymentPostprocessing = 0;
		};
/* End PBXFrameworksBuildPhase section */

/* Begin PBXGroup section */
		9C8A846425C052A900296A6E = {
			isa = PBXGroup;
			children = (
				9C8A846925C052AA00296A6E /* Shared */,
				9C8A847325C052B700296A6E /* iOS */,
				9C8A847A25C052B700296A6E /* macOS */,
				9C8A847225C052B700296A6E /* Products */,
			);
			sourceTree = "<group>";
		};
		9C8A846925C052AA00296A6E /* Shared */ = {
			isa = PBXGroup;
			children = (
				9C8A846A25C052AA00296A6E /* StudentLifeGuideApp.swift */,
				9C8A848D25C052C100296A6E /* Model */,
				9C8A848F25C052D500296A6E /* View */,
				9C8A846C25C052B700296A6E /* Assets.xcassets */,
			);
			path = Shared;
			sourceTree = "<group>";
		};
		9C8A847225C052B700296A6E /* Products */ = {
			isa = PBXGroup;
			children = (
				9C8A847125C052B700296A6E /* StudentLifeGuide.app */,
				9C8A847925C052B700296A6E /* StudentLifeGuide.app */,
			);
			name = Products;
			sourceTree = "<group>";
		};
		9C8A847325C052B700296A6E /* iOS */ = {
			isa = PBXGroup;
			children = (
				9C8A847425C052B700296A6E /* Info.plist */,
			);
			path = iOS;
			sourceTree = "<group>";
		};
		9C8A847A25C052B700296A6E /* macOS */ = {
			isa = PBXGroup;
			children = (
				9C8A847B25C052B700296A6E /* Info.plist */,
				9C8A847C25C052B700296A6E /* macOS.entitlements */,
			);
			path = macOS;
			sourceTree = "<group>";
		};
		9C8A848D25C052C100296A6E /* Model */ = {
			isa = PBXGroup;
			children = (
				9C8A849225C053B600296A6E /* LifeGuide.swift */,
				9C11FE1525C0584A00F592AD /* LifeGuideStore.swift */,
				9C9A4FCC25C4FB52007059FC /* LifeGuides.swift */,
			);
			path = Model;
			sourceTree = "<group>";
		};
		9C8A848F25C052D500296A6E /* View */ = {
			isa = PBXGroup;
			children = (
				9C8A849725C0550F00296A6E /* LifeGuideDetailView.swift */,
				9C8BF1CF25C31CB000A93DD2 /* LifeGuideList.swift */,
				9C8BF1E225C3285A00A93DD2 /* SearchBarView.swift */,
			);
			path = View;
			sourceTree = "<group>";
		};
/* End PBXGroup section */

/* Begin PBXNativeTarget section */
		9C8A847025C052B700296A6E /* StudentLifeGuide (iOS) */ = {
			isa = PBXNativeTarget;
			buildConfigurationList = 9C8A848525C052B700296A6E /* Build configuration list for PBXNativeTarget "StudentLifeGuide (iOS)" */;
			buildPhases = (
				9C8A846D25C052B700296A6E /* Sources */,
				9C8A846E25C052B700296A6E /* Frameworks */,
				9C8A846F25C052B700296A6E /* Resources */,
			);
			buildRules = (
			);
			dependencies = (
			);
			name = "StudentLifeGuide (iOS)";
			productName = "StudentLifeGuide (iOS)";
			productReference = 9C8A847125C052B700296A6E /* StudentLifeGuide.app */;
			productType = "com.apple.product-type.application";
		};
		9C8A847825C052B700296A6E /* StudentLifeGuide (macOS) */ = {
			isa = PBXNativeTarget;
			buildConfigurationList = 9C8A848825C052B700296A6E /* Build configuration list for PBXNativeTarget "StudentLifeGuide (macOS)" */;
			buildPhases = (
				9C8A847525C052B700296A6E /* Sources */,
				9C8A847625C052B700296A6E /* Frameworks */,
				9C8A847725C052B700296A6E /* Resources */,
			);
			buildRules = (
			);
			dependencies = (
			);
			name = "StudentLifeGuide (macOS)";
			productName = "StudentLifeGuide (macOS)";
			productReference = 9C8A847925C052B700296A6E /* StudentLifeGuide.app */;
			productType = "com.apple.product-type.application";
		};
/* End PBXNativeTarget section */

/* Begin PBXProject section */
		9C8A846525C052A900296A6E /* Project object */ = {
			isa = PBXProject;
			attributes = {
				LastSwiftUpdateCheck = 1230;
				LastUpgradeCheck = 1230;
				TargetAttributes = {
					9C8A847025C052B700296A6E = {
						CreatedOnToolsVersion = 12.3;
					};
					9C8A847825C052B700296A6E = {
						CreatedOnToolsVersion = 12.3;
					};
				};
			};
			buildConfigurationList = 9C8A846825C052A900296A6E /* Build configuration list for PBXProject "StudentLifeGuide" */;
			compatibilityVersion = "Xcode 9.3";
			developmentRegion = en;
			hasScannedForEncodings = 0;
			knownRegions = (
				en,
				Base,
			);
			mainGroup = 9C8A846425C052A900296A6E;
			productRefGroup = 9C8A847225C052B700296A6E /* Products */;
			projectDirPath = "";
			projectRoot = "";
			targets = (
				9C8A847025C052B700296A6E /* StudentLifeGuide (iOS) */,
				9C8A847825C052B700296A6E /* StudentLifeGuide (macOS) */,
			);
		};
/* End PBXProject section */

/* Begin PBXResourcesBuildPhase section */
		9C8A846F25C052B700296A6E /* Resources */ = {
			isa = PBXResourcesBuildPhase;
			buildActionMask = 2147483647;
			files = (
				9C8A848125C052B700296A6E /* Assets.xcassets in Resources */,
			);
			runOnlyForDeploymentPostprocessing = 0;
		};
		9C8A847725C052B700296A6E /* Resources */ = {
			isa = PBXResourcesBuildPhase;
			buildActionMask = 2147483647;
			files = (
				9C8A848225C052B700296A6E /* Assets.xcassets in Resources */,
			);
			runOnlyForDeploymentPostprocessing = 0;
		};
/* End PBXResourcesBuildPhase section */

/* Begin PBXSourcesBuildPhase section */
		9C8A846D25C052B700296A6E /* Sources */ = {
			isa = PBXSourcesBuildPhase;
			buildActionMask = 2147483647;
			files = (
				9C8A849825C0550F00296A6E /* LifeGuideDetailView.swift in Sources */,
				9C8A849325C053B600296A6E /* LifeGuide.swift in Sources */,
				9C9A4FCD25C4FB52007059FC /* LifeGuides.swift in Sources */,
				9C11FE1625C0584A00F592AD /* LifeGuideStore.swift in Sources */,
				9C8BF1D025C31CB000A93DD2 /* LifeGuideList.swift in Sources */,
				9C8BF1E325C3285A00A93DD2 /* SearchBarView.swift in Sources */,
				9C8A847D25C052B700296A6E /* StudentLifeGuideApp.swift in Sources */,
			);
			runOnlyForDeploymentPostprocessing = 0;
		};
		9C8A847525C052B700296A6E /* Sources */ = {
			isa = PBXSourcesBuildPhase;
			buildActionMask = 2147483647;
			files = (
				9C8A849925C0550F00296A6E /* LifeGuideDetailView.swift in Sources */,
				9C8A849425C053B600296A6E /* LifeGuide.swift in Sources */,
				9C9A4FCE25C4FB52007059FC /* LifeGuides.swift in Sources */,
				9C11FE1725C0584A00F592AD /* LifeGuideStore.swift in Sources */,
				9C8BF1D125C31CB000A93DD2 /* LifeGuideList.swift in Sources */,
				9C8BF1E425C3285A00A93DD2 /* SearchBarView.swift in Sources */,
				9C8A847E25C052B700296A6E /* StudentLifeGuideApp.swift in Sources */,
			);
			runOnlyForDeploymentPostprocessing = 0;
		};
/* End PBXSourcesBuildPhase section */

/* Begin XCBuildConfiguration section */
		9C8A848325C052B700296A6E /* Debug */ = {
			isa = XCBuildConfiguration;
			buildSettings = {
				ALWAYS_SEARCH_USER_PATHS = NO;
				CLANG_ANALYZER_NONNULL = YES;
				CLANG_ANALYZER_NUMBER_OBJECT_CONVERSION = YES_AGGRESSIVE;
				CLANG_CXX_LANGUAGE_STANDARD = "gnu++14";
				CLANG_CXX_LIBRARY = "libc++";
				CLANG_ENABLE_MODULES = YES;
				CLANG_ENABLE_OBJC_ARC = YES;
				CLANG_ENABLE_OBJC_WEAK = YES;
				CLANG_WARN_BLOCK_CAPTURE_AUTORELEASING = YES;
				CLANG_WARN_BOOL_CONVERSION = YES;
				CLANG_WARN_COMMA = YES;
				CLANG_WARN_CONSTANT_CONVERSION = YES;
				CLANG_WARN_DEPRECATED_OBJC_IMPLEMENTATIONS = YES;
				CLANG_WARN_DIRECT_OBJC_ISA_USAGE = YES_ERROR;
				CLANG_WARN_DOCUMENTATION_COMMENTS = YES;
				CLANG_WARN_EMPTY_BODY = YES;
				CLANG_WARN_ENUM_CONVERSION = YES;
				CLANG_WARN_INFINITE_RECURSION = YES;
				CLANG_WARN_INT_CONVERSION = YES;
				CLANG_WARN_NON_LITERAL_NULL_CONVERSION = YES;
				CLANG_WARN_OBJC_IMPLICIT_RETAIN_SELF = YES;
				CLANG_WARN_OBJC_LITERAL_CONVERSION = YES;
				CLANG_WARN_OBJC_ROOT_CLASS = YES_ERROR;
				CLANG_WARN_QUOTED_INCLUDE_IN_FRAMEWORK_HEADER = YES;
				CLANG_WARN_RANGE_LOOP_ANALYSIS = YES;
				CLANG_WARN_STRICT_PROTOTYPES = YES;
				CLANG_WARN_SUSPICIOUS_MOVE = YES;
				CLANG_WARN_UNGUARDED_AVAILABILITY = YES_AGGRESSIVE;
				CLANG_WARN_UNREACHABLE_CODE = YES;
				CLANG_WARN__DUPLICATE_METHOD_MATCH = YES;
				COPY_PHASE_STRIP = NO;
				DEBUG_INFORMATION_FORMAT = dwarf;
				ENABLE_STRICT_OBJC_MSGSEND = YES;
				ENABLE_TESTABILITY = YES;
				GCC_C_LANGUAGE_STANDARD = gnu11;
				GCC_DYNAMIC_NO_PIC = NO;
				GCC_NO_COMMON_BLOCKS = YES;
				GCC_OPTIMIZATION_LEVEL = 0;
				GCC_PREPROCESSOR_DEFINITIONS = (
					"DEBUG=1",
					"$(inherited)",
				);
				GCC_WARN_64_TO_32_BIT_CONVERSION = YES;
				GCC_WARN_ABOUT_RETURN_TYPE = YES_ERROR;
				GCC_WARN_UNDECLARED_SELECTOR = YES;
				GCC_WARN_UNINITIALIZED_AUTOS = YES_AGGRESSIVE;
				GCC_WARN_UNUSED_FUNCTION = YES;
				GCC_WARN_UNUSED_VARIABLE = YES;
				MTL_ENABLE_DEBUG_INFO = INCLUDE_SOURCE;
				MTL_FAST_MATH = YES;
				ONLY_ACTIVE_ARCH = YES;
				SWIFT_ACTIVE_COMPILATION_CONDITIONS = DEBUG;
				SWIFT_OPTIMIZATION_LEVEL = "-Onone";
			};
			name = Debug;
		};
		9C8A848425C052B700296A6E /* Release */ = {
			isa = XCBuildConfiguration;
			buildSettings = {
				ALWAYS_SEARCH_USER_PATHS = NO;
				CLANG_ANALYZER_NONNULL = YES;
				CLANG_ANALYZER_NUMBER_OBJECT_CONVERSION = YES_AGGRESSIVE;
				CLANG_CXX_LANGUAGE_STANDARD = "gnu++14";
				CLANG_CXX_LIBRARY = "libc++";
				CLANG_ENABLE_MODULES = YES;
				CLANG_ENABLE_OBJC_ARC = YES;
				CLANG_ENABLE_OBJC_WEAK = YES;
				CLANG_WARN_BLOCK_CAPTURE_AUTORELEASING = YES;
				CLANG_WARN_BOOL_CONVERSION = YES;
				CLANG_WARN_COMMA = YES;
				CLANG_WARN_CONSTANT_CONVERSION = YES;
				CLANG_WARN_DEPRECATED_OBJC_IMPLEMENTATIONS = YES;
				CLANG_WARN_DIRECT_OBJC_ISA_USAGE = YES_ERROR;
				CLANG_WARN_DOCUMENTATION_COMMENTS = YES;
				CLANG_WARN_EMPTY_BODY = YES;
				CLANG_WARN_ENUM_CONVERSION = YES;
				CLANG_WARN_INFINITE_RECURSION = YES;
				CLANG_WARN_INT_CONVERSION = YES;
				CLANG_WARN_NON_LITERAL_NULL_CONVERSION = YES;
				CLANG_WARN_OBJC_IMPLICIT_RETAIN_SELF = YES;
				CLANG_WARN_OBJC_LITERAL_CONVERSION = YES;
				CLANG_WARN_OBJC_ROOT_CLASS = YES_ERROR;
				CLANG_WARN_QUOTED_INCLUDE_IN_FRAMEWORK_HEADER = YES;
				CLANG_WARN_RANGE_LOOP_ANALYSIS = YES;
				CLANG_WARN_STRICT_PROTOTYPES = YES;
				CLANG_WARN_SUSPICIOUS_MOVE = YES;
				CLANG_WARN_UNGUARDED_AVAILABILITY = YES_AGGRESSIVE;
				CLANG_WARN_UNREACHABLE_CODE = YES;
				CLANG_WARN__DUPLICATE_METHOD_MATCH = YES;
				COPY_PHASE_STRIP = NO;
				DEBUG_INFORMATION_FORMAT = "dwarf-with-dsym";
				ENABLE_NS_ASSERTIONS = NO;
				ENABLE_STRICT_OBJC_MSGSEND = YES;
				GCC_C_LANGUAGE_STANDARD = gnu11;
				GCC_NO_COMMON_BLOCKS = YES;
				GCC_WARN_64_TO_32_BIT_CONVERSION = YES;
				GCC_WARN_ABOUT_RETURN_TYPE = YES_ERROR;
				GCC_WARN_UNDECLARED_SELECTOR = YES;
				GCC_WARN_UNINITIALIZED_AUTOS = YES_AGGRESSIVE;
				GCC_WARN_UNUSED_FUNCTION = YES;
				GCC_WARN_UNUSED_VARIABLE = YES;
				MTL_ENABLE_DEBUG_INFO = NO;
				MTL_FAST_MATH = YES;
				SWIFT_COMPILATION_MODE = wholemodule;
				SWIFT_OPTIMIZATION_LEVEL = "-O";
			};
			name = Release;
		};
		9C8A848625C052B700296A6E /* Debug */ = {
			isa = XCBuildConfiguration;
			buildSettings = {
				ASSETCATALOG_COMPILER_APPICON_NAME = AppIcon;
				ASSETCATALOG_COMPILER_GLOBAL_ACCENT_COLOR_NAME = AccentColor;
				CODE_SIGN_STYLE = Automatic;
				DEVELOPMENT_TEAM = L68HFVA6QB;
				ENABLE_PREVIEWS = YES;
				INFOPLIST_FILE = iOS/Info.plist;
				IPHONEOS_DEPLOYMENT_TARGET = 14.0;
				LD_RUNPATH_SEARCH_PATHS = (
					"$(inherited)",
					"@executable_path/Frameworks",
				);
				PRODUCT_BUNDLE_IDENTIFIER = ca.chen.sihan.StudentLifeGuide;
				PRODUCT_NAME = StudentLifeGuide;
				SDKROOT = iphoneos;
				SWIFT_VERSION = 5.0;
				TARGETED_DEVICE_FAMILY = "1,2";
			};
			name = Debug;
		};
		9C8A848725C052B700296A6E /* Release */ = {
			isa = XCBuildConfiguration;
			buildSettings = {
				ASSETCATALOG_COMPILER_APPICON_NAME = AppIcon;
				ASSETCATALOG_COMPILER_GLOBAL_ACCENT_COLOR_NAME = AccentColor;
				CODE_SIGN_STYLE = Automatic;
				DEVELOPMENT_TEAM = L68HFVA6QB;
				ENABLE_PREVIEWS = YES;
				INFOPLIST_FILE = iOS/Info.plist;
				IPHONEOS_DEPLOYMENT_TARGET = 14.0;
				LD_RUNPATH_SEARCH_PATHS = (
					"$(inherited)",
					"@executable_path/Frameworks",
				);
				PRODUCT_BUNDLE_IDENTIFIER = ca.chen.sihan.StudentLifeGuide;
				PRODUCT_NAME = StudentLifeGuide;
				SDKROOT = iphoneos;
				SWIFT_VERSION = 5.0;
				TARGETED_DEVICE_FAMILY = "1,2";
				VALIDATE_PRODUCT = YES;
			};
			name = Release;
		};
		9C8A848925C052B700296A6E /* Debug */ = {
			isa = XCBuildConfiguration;
			buildSettings = {
				ASSETCATALOG_COMPILER_APPICON_NAME = AppIcon;
				ASSETCATALOG_COMPILER_GLOBAL_ACCENT_COLOR_NAME = AccentColor;
				CODE_SIGN_ENTITLEMENTS = macOS/macOS.entitlements;
				CODE_SIGN_STYLE = Automatic;
				COMBINE_HIDPI_IMAGES = YES;
				DEVELOPMENT_TEAM = L68HFVA6QB;
				ENABLE_HARDENED_RUNTIME = YES;
				ENABLE_PREVIEWS = YES;
				INFOPLIST_FILE = macOS/Info.plist;
				LD_RUNPATH_SEARCH_PATHS = (
					"$(inherited)",
					"@executable_path/../Frameworks",
				);
				MACOSX_DEPLOYMENT_TARGET = 11.0;
				PRODUCT_BUNDLE_IDENTIFIER = ca.chen.sihan.StudentLifeGuide;
				PRODUCT_NAME = StudentLifeGuide;
				SDKROOT = macosx;
				SWIFT_VERSION = 5.0;
			};
			name = Debug;
		};
		9C8A848A25C052B700296A6E /* Release */ = {
			isa = XCBuildConfiguration;
			buildSettings = {
				ASSETCATALOG_COMPILER_APPICON_NAME = AppIcon;
				ASSETCATALOG_COMPILER_GLOBAL_ACCENT_COLOR_NAME = AccentColor;
				CODE_SIGN_ENTITLEMENTS = macOS/macOS.entitlements;
				CODE_SIGN_STYLE = Automatic;
				COMBINE_HIDPI_IMAGES = YES;
				DEVELOPMENT_TEAM = L68HFVA6QB;
				ENABLE_HARDENED_RUNTIME = YES;
				ENABLE_PREVIEWS = YES;
				INFOPLIST_FILE = macOS/Info.plist;
				LD_RUNPATH_SEARCH_PATHS = (
					"$(inherited)",
					"@executable_path/../Frameworks",
				);
				MACOSX_DEPLOYMENT_TARGET = 11.0;
				PRODUCT_BUNDLE_IDENTIFIER = ca.chen.sihan.StudentLifeGuide;
				PRODUCT_NAME = StudentLifeGuide;
				SDKROOT = macosx;
				SWIFT_VERSION = 5.0;
			};
			name = Release;
		};
/* End XCBuildConfiguration section */

/* Begin XCConfigurationList section */
		9C8A846825C052A900296A6E /* Build configuration list for PBXProject "StudentLifeGuide" */ = {
			isa = XCConfigurationList;
			buildConfigurations = (
				9C8A848325C052B700296A6E /* Debug */,
				9C8A848425C052B700296A6E /* Release */,
			);
			defaultConfigurationIsVisible = 0;
			defaultConfigurationName = Release;
		};
		9C8A848525C052B700296A6E /* Build configuration list for PBXNativeTarget "StudentLifeGuide (iOS)" */ = {
			isa = XCConfigurationList;
			buildConfigurations = (
				9C8A848625C052B700296A6E /* Debug */,
				9C8A848725C052B700296A6E /* Release */,
			);
			defaultConfigurationIsVisible = 0;
			defaultConfigurationName = Release;
		};
		9C8A848825C052B700296A6E /* Build configuration list for PBXNativeTarget "StudentLifeGuide (macOS)" */ = {
			isa = XCConfigurationList;
			buildConfigurations = (
				9C8A848925C052B700296A6E /* Debug */,
				9C8A848A25C052B700296A6E /* Release */,
			);
			defaultConfigurationIsVisible = 0;
			defaultConfigurationName = Release;
		};
/* End XCConfigurationList section */
	};
	rootObject = 9C8A846525C052A900296A6E /* Project object */;
}
